Microsoft Visual Studio Solution File, Format Version 12.00
# Visual Studio Version 17
VisualStudioVersion = 17.0.31903.59
MinimumVisualStudioVersion = 10.0.40219.1
Project("{FAE04EC0-301F-11D3-BF4B-00C04F79EFBC}") = "NodeSharp.Contracts", "src\NodeSharp.Contracts\NodeSharp.Contracts.csproj", "{38AFDBEA-10D5-4086-82F9-6D2856B58B11}"
EndProject
Project("{FAE04EC0-301F-11D3-BF4B-00C04F79EFBC}") = "NodeSharp.Util", "src\NodeSharp.Util\NodeSharp.Util.csproj", "{6337A9E8-560E-4931-A5D4-87658C4C8C53}"
EndProject
Project("{FAE04EC0-301F-11D3-BF4B-00C04F79EFBC}") = "NodeSharp.Runtime", "src\NodeSharp.Runtime\NodeSharp.Runtime.csproj", "{9D9F07F4-CE0C-4999-AA78-ABB4FD7129D5}"
EndProject
Project("{FAE04EC0-301F-11D3-BF4B-00C04F79EFBC}") = "NodeSharp.Registry", "src\NodeSharp.Registry\NodeSharp.Registry.csproj", "{6869AD5E-65A7-494D-AFBB-7C94C567ACD9}"
EndProject
Project("{FAE04EC0-301F-11D3-BF4B-00C04F79EFBC}") = "NodeSharp.UI.Themes", "src\NodeSharp.UI.Themes\NodeSharp.UI.Themes.csproj", "{9A43C5CE-9B9A-488D-BD31-3F6AA7387B3F}"
EndProject
Project("{FAE04EC0-301F-11D3-BF4B-00C04F79EFBC}") = "NodeSharp.Editor", "src\NodeSharp.Editor\NodeSharp.Editor.csproj", "{81A29CA8-743F-40C8-BCAC-7DD892B3A003}"
EndProject
Project("{FAE04EC0-301F-11D3-BF4B-00C04F79EFBC}") = "NodeSharp.Runner", "src\NodeSharp.Runner\NodeSharp.Runner.csproj", "{FA5C3EE7-F379-4FD9-B3EF-1482A4C3BBC2}"
EndProject
Project("{FAE04EC0-301F-11D3-BF4B-00C04F79EFBC}") = "NodeSharp.Tests", "test\NodeSharp.Tests\NodeSharp.Tests.csproj", "{0967E982-9435-478F-8F1E-F4E744FD08C4}"
EndProject
Project("{FAE04EC0-301F-11D3-BF4B-00C04F79EFBC}") = "NodeSharp.Nodes.Inject", "nodes\NodeSharp.Nodes.Inject\NodeSharp.Nodes.Inject.csproj", "{86F45D4D-6898-4074-8117-6F000679388B}"
EndProject
Project("{FAE04EC0-301F-11D3-BF4B-00C04F79EFBC}") = "NodeSharp.Nodes.Switch", "nodes\NodeSharp.Nodes.Switch\NodeSharp.Nodes.Switch.csproj", "{335CE767-F77F-45FE-B459-9A6E4D37DBD7}"
EndProject
Project("{FAE04EC0-301F-11D3-BF4B-00C04F79EFBC}") = "NodeSharp.Nodes.Function", "nodes\NodeSharp.Nodes.Function\NodeSharp.Nodes.Function.csproj", "{46D4FFC0-818A-45B0-9C1E-4AE42E33998A}"
EndProject
Project("{FAE04EC0-301F-11D3-BF4B-00C04F79EFBC}") = "NodeSharp.Nodes.Debug", "nodes\NodeSharp.Nodes.Debug\NodeSharp.Nodes.Debug.csproj", "{ACF59288-173A-4007-A49B-48626CA0C7CB}"
EndProject
Project("{FAE04EC0-301F-11D3-BF4B-00C04F79EFBC}") = "NodeSharp.Drivers.Modbus", "drivers\NodeSharp.Drivers.Modbus\NodeSharp.Drivers.Modbus.csproj", "{DDAA58BC-AF28-4DF7-BB35-4CF827DA4E2D}"
EndProject
Project("{FAE04EC0-301F-11D3-BF4B-00C04F79EFBC}") = "NodeSharp.Nodes.PlcTagRead", "nodes\NodeSharp.Nodes.PlcTagRead\NodeSharp.Nodes.PlcTagRead.csproj", "{FEFCF7C8-2592-468D-962C-2D30412F95BB}"
EndProject
Project("{FAE04EC0-301F-11D3-BF4B-00C04F79EFBC}") = "NodeSharp.Nodes.PlcTagWrite", "nodes\NodeSharp.Nodes.PlcTagWrite\NodeSharp.Nodes.PlcTagWrite.csproj", "{92FBCC33-66F4-4AAB-A542-540D20E989AA}"
EndProject
Global
	GlobalSection(SolutionConfigurationPlatforms) = preSolution
		Debug|Any CPU = Debug|Any CPU
		Release|Any CPU = Release|Any CPU
	EndGlobalSection
	GlobalSection(ProjectConfigurationPlatforms) = postSolution
		{38AFDBEA-10D5-4086-82F9-6D2856B58B11}.Debug|Any CPU.ActiveCfg = Debug|Any CPU
		{38AFDBEA-10D5-4086-82F9-6D2856B58B11}.Debug|Any CPU.Build.0 = Debug|Any CPU
		{38AFDBEA-10D5-4086-82F9-6D2856B58B11}.Release|Any CPU.ActiveCfg = Release|Any CPU
		{38AFDBEA-10D5-4086-82F9-6D2856B58B11}.Release|Any CPU.Build.0 = Release|Any CPU
		{6337A9E8-560E-4931-A5D4-87658C4C8C53}.Debug|Any CPU.ActiveCfg = Debug|Any CPU
		{6337A9E8-560E-4931-A5D4-87658C4C8C53}.Debug|Any CPU.Build.0 = Debug|Any CPU
		{6337A9E8-560E-4931-A5D4-87658C4C8C53}.Release|Any CPU.ActiveCfg = Release|Any CPU
		{6337A9E8-560E-4931-A5D4-87658C4C8C53}.Release|Any CPU.Build.0 = Release|Any CPU
		{9D9F07F4-CE0C-4999-AA78-ABB4FD7129D5}.Debug|Any CPU.ActiveCfg = Debug|Any CPU
		{9D9F07F4-CE0C-4999-AA78-ABB4FD7129D5}.Debug|Any CPU.Build.0 = Debug|Any CPU
		{9D9F07F4-CE0C-4999-AA78-ABB4FD7129D5}.Release|Any CPU.ActiveCfg = Release|Any CPU
		{9D9F07F4-CE0C-4999-AA78-ABB4FD7129D5}.Release|Any CPU.Build.0 = Release|Any CPU
		{6869AD5E-65A7-494D-AFBB-7C94C567ACD9}.Debug|Any CPU.ActiveCfg = Debug|Any CPU
		{6869AD5E-65A7-494D-AFBB-7C94C567ACD9}.Debug|Any CPU.Build.0 = Debug|Any CPU
		{6869AD5E-65A7-494D-AFBB-7C94C567ACD9}.Release|Any CPU.ActiveCfg = Release|Any CPU
		{6869AD5E-65A7-494D-AFBB-7C94C567ACD9}.Release|Any CPU.Build.0 = Release|Any CPU
		{9A43C5CE-9B9A-488D-BD31-3F6AA7387B3F}.Debug|Any CPU.ActiveCfg = Debug|Any CPU
		{9A43C5CE-9B9A-488D-BD31-3F6AA7387B3F}.Debug|Any CPU.Build.0 = Debug|Any CPU
		{9A43C5CE-9B9A-488D-BD31-3F6AA7387B3F}.Release|Any CPU.ActiveCfg = Release|Any CPU
		{9A43C5CE-9B9A-488D-BD31-3F6AA7387B3F}.Release|Any CPU.Build.0 = Release|Any CPU
		{81A29CA8-743F-40C8-BCAC-7DD892B3A003}.Debug|Any CPU.ActiveCfg = Debug|Any CPU
		{81A29CA8-743F-40C8-BCAC-7DD892B3A003}.Debug|Any CPU.Build.0 = Debug|Any CPU
		{81A29CA8-743F-40C8-BCAC-7DD892B3A003}.Release|Any CPU.ActiveCfg = Release|Any CPU
		{81A29CA8-743F-40C8-BCAC-7DD892B3A003}.Release|Any CPU.Build.0 = Release|Any CPU
		{FA5C3EE7-F379-4FD9-B3EF-1482A4C3BBC2}.Debug|Any CPU.ActiveCfg = Debug|Any CPU
		{FA5C3EE7-F379-4FD9-B3EF-1482A4C3BBC2}.Debug|Any CPU.Build.0 = Debug|Any CPU
		{FA5C3EE7-F379-4FD9-B3EF-1482A4C3BBC2}.Release|Any CPU.ActiveCfg = Release|Any CPU
		{FA5C3EE7-F379-4FD9-B3EF-1482A4C3BBC2}.Release|Any CPU.Build.0 = Release|Any CPU
		{0967E982-9435-478F-8F1E-F4E744FD08C4}.Debug|Any CPU.ActiveCfg = Debug|Any CPU
		{0967E982-9435-478F-8F1E-F4E744FD08C4}.Debug|Any CPU.Build.0 = Debug|Any CPU
		{0967E982-9435-478F-8F1E-F4E744FD08C4}.Release|Any CPU.ActiveCfg = Release|Any CPU
		{0967E982-9435-478F-8F1E-F4E744FD08C4}.Release|Any CPU.Build.0 = Release|Any CPU
		{86F45D4D-6898-4074-8117-6F000679388B}.Debug|Any CPU.ActiveCfg = Debug|Any CPU
		{86F45D4D-6898-4074-8117-6F000679388B}.Debug|Any CPU.Build.0 = Debug|Any CPU
		{86F45D4D-6898-4074-8117-6F000679388B}.Release|Any CPU.ActiveCfg = Release|Any CPU
		{86F45D4D-6898-4074-8117-6F000679388B}.Release|Any CPU.Build.0 = Release|Any CPU
		{335CE767-F77F-45FE-B459-9A6E4D37DBD7}.Debug|Any CPU.ActiveCfg = Debug|Any CPU
		{335CE767-F77F-45FE-B459-9A6E4D37DBD7}.Debug|Any CPU.Build.0 = Debug|Any CPU
		{335CE767-F77F-45FE-B459-9A6E4D37DBD7}.Release|Any CPU.ActiveCfg = Release|Any CPU
		{335CE767-F77F-45FE-B459-9A6E4D37DBD7}.Release|Any CPU.Build.0 = Release|Any CPU
		{46D4FFC0-818A-45B0-9C1E-4AE42E33998A}.Debug|Any CPU.ActiveCfg = Debug|Any CPU
		{46D4FFC0-818A-45B0-9C1E-4AE42E33998A}.Debug|Any CPU.Build.0 = Debug|Any CPU
		{46D4FFC0-818A-45B0-9C1E-4AE42E33998A}.Release|Any CPU.ActiveCfg = Release|Any CPU
		{46D4FFC0-818A-45B0-9C1E-4AE42E33998A}.Release|Any CPU.Build.0 = Release|Any CPU
		{ACF59288-173A-4007-A49B-48626CA0C7CB}.Debug|Any CPU.ActiveCfg = Debug|Any CPU
		{ACF59288-173A-4007-A49B-48626CA0C7CB}.Debug|Any CPU.Build.0 = Debug|Any CPU
		{ACF59288-173A-4007-A49B-48626CA0C7CB}.Release|Any CPU.ActiveCfg = Release|Any CPU
		{ACF59288-173A-4007-A49B-48626CA0C7CB}.Release|Any CPU.Build.0 = Release|Any CPU
		{DDAA58BC-AF28-4DF7-BB35-4CF827DA4E2D}.Debug|Any CPU.ActiveCfg = Debug|Any CPU
		{DDAA58BC-AF28-4DF7-BB35-4CF827DA4E2D}.Debug|Any CPU.Build.0 = Debug|Any CPU
		{DDAA58BC-AF28-4DF7-BB35-4CF827DA4E2D}.Release|Any CPU.ActiveCfg = Release|Any CPU
		{DDAA58BC-AF28-4DF7-BB35-4CF827DA4E2D}.Release|Any CPU.Build.0 = Release|Any CPU
		{FEFCF7C8-2592-468D-962C-2D30412F95BB}.Debug|Any CPU.ActiveCfg = Debug|Any CPU
		{FEFCF7C8-2592-468D-962C-2D30412F95BB}.Debug|Any CPU.Build.0 = Debug|Any CPU
		{FEFCF7C8-2592-468D-962C-2D30412F95BB}.Release|Any CPU.ActiveCfg = Release|Any CPU
		{FEFCF7C8-2592-468D-962C-2D30412F95BB}.Release|Any CPU.Build.0 = Release|Any CPU
		{92FBCC33-66F4-4AAB-A542-540D20E989AA}.Debug|Any CPU.ActiveCfg = Debug|Any CPU
		{92FBCC33-66F4-4AAB-A542-540D20E989AA}.Debug|Any CPU.Build.0 = Debug|Any CPU
		{92FBCC33-66F4-4AAB-A542-540D20E989AA}.Release|Any CPU.ActiveCfg = Release|Any CPU
		{92FBCC33-66F4-4AAB-A542-540D20E989AA}.Release|Any CPU.Build.0 = Release|Any CPU
	EndGlobalSection
	GlobalSection(SolutionProperties) = preSolution
		HideSolutionNode = FALSE
	EndGlobalSection
EndGlobal
